{
  "name": "mqlc",
  "version": "1.0.0",
  "lockfileVersion": 3,
  "requires": true,
  "packages": {
    "": {
      "name": "mqlc",
      "version": "1.0.0",
      "license": "ISC",
      "dependencies": {
        "@simplewebauthn/server": "^7.4.0",
        "@supabase/supabase-js": "^2.110.8",
        "cloudinary": "^2.9.0",
        "dotenv": "^17.3.1"
      }
    },
    "node_modules/@cbor-extract/cbor-extract-darwin-arm64": {
      "version": "2.2.2",
      "resolved": "https://registry.npmjs.org/@cbor-extract/cbor-extract-darwin-arm64/-/cbor-extract-darwin-arm64-2.2.2.tgz",
      "integrity": "sha512-ZKZ/F8US7JR92J4DMct6cLW/Y66o2K576+zjlEN/MevH70bFIsB10wkZEQPLzl2oNh2SMGy55xpJ9JoBRl5DOA==",
      "cpu": [
        "arm64"
      ],
      "license": "MIT",
      "optional": true,
      "os": [
        "darwin"
      ]
    },
    "node_modules/@cbor-extract/cbor-extract-darwin-x64": {
      "version": "2.2.2",
      "resolved": "https://registry.npmjs.org/@cbor-extract/cbor-extract-darwin-x64/-/cbor-extract-darwin-x64-2.2.2.tgz",
      "integrity": "sha512-32b1mgc+P61Js+KW9VZv/c+xRw5EfmOcPx990JbCBSkYJFY0l25VinvyyWfl+3KjibQmAcYwmyzKF9J4DyKP/Q==",
      "cpu": [
        "x64"
      ],
      "license": "MIT",
      "optional": true,
      "os": [
        "darwin"
      ]
    },
    "node_modules/@cbor-extract/cbor-extract-linux-arm": {
      "version": "2.2.2",
      "resolved": "https://registry.npmjs.org/@cbor-extract/cbor-extract-linux-arm/-/cbor-extract-linux-arm-2.2.2.tgz",
      "integrity": "sha512-tNg0za41TpQfkhWjptD+0gSD2fggMiDCSacuIeELyb2xZhr7PrhPe5h66Jc67B/5dmpIhI2QOUtv4SBsricyYQ==",
      "cpu": [
        "arm"
      ],
      "license": "MIT",
      "optional": true,
      "os": [
        "linux"
      ]
    },
    "node_modules/@cbor-extract/cbor-extract-linux-arm64": {
      "version": "2.2.2",
      "resolved": "https://registry.npmjs.org/@cbor-extract/cbor-extract-linux-arm64/-/cbor-extract-linux-arm64-2.2.2.tgz",
      "integrity": "sha512-wfqgzqCAy/Vn8i6WVIh7qZd0DdBFaWBjPdB6ma+Wihcjv0gHqD/mw3ouVv7kbbUNrab6dKEx/w3xQZEdeXIlzg==",
      "cpu": [
        "arm64"
      ],
      "license": "MIT",
      "optional": true,
      "os": [
        "linux"
      ]
    },
    "node_modules/@cbor-extract/cbor-extract-linux-x64": {
      "version": "2.2.2",
      "resolved": "https://registry.npmjs.org/@cbor-extract/cbor-extract-linux-x64/-/cbor-extract-linux-x64-2.2.2.tgz",
      "integrity": "sha512-rpiLnVEsqtPJ+mXTdx1rfz4RtUGYIUg2rUAZgd1KjiC1SehYUSkJN7Yh+aVfSjvCGtVP0/bfkQkXpPXKbmSUaA==",
      "cpu": [
        "x64"
      ],
      "license": "MIT",
      "optional": true,
      "os": [
        "linux"
      ]
    },
    "node_modules/@cbor-extract/cbor-extract-win32-x64": {
      "version": "2.2.2",
      "resolved": "https://registry.npmjs.org/@cbor-extract/cbor-extract-win32-x64/-/cbor-extract-win32-x64-2.2.2.tgz",
      "integrity": "sha512-dI+9P7cfWxkTQ+oE+7Aa6onEn92PHgfWXZivjNheCRmTBDBf2fx6RyTi0cmgpYLnD1KLZK9ZYrMxaPZ4oiXhGA==",
      "cpu": [
        "x64"
      ],
      "license": "MIT",
      "optional": true,
      "os": [
        "win32"
      ]
    },
    "node_modules/@hexagon/base64": {
      "version": "1.1.28",
      "resolved": "https://registry.npmjs.org/@hexagon/base64/-/base64-1.1.28.tgz",
      "integrity": "sha512-lhqDEAvWixy3bZ+UOYbPwUbBkwBq5C1LAJ/xPC8Oi+lL54oyakv/npbA0aU2hgCsx/1NUd4IBvV03+aUBWxerw==",
      "license": "MIT"
    },
    "node_modules/@peculiar/asn1-android": {
      "version": "2.8.0",
      "resolved": "https://registry.npmjs.org/@peculiar/asn1-android/-/asn1-android-2.8.0.tgz",
      "integrity": "sha512-skLbS+IOGv1lUgDqtChr8xvtvEr3HMse/JGBaL2r1J1o/n7a8wqOrovMtlRq/UXLhxvmLaONP67hwtshgzwfzA==",
      "license": "MIT",
      "dependencies": {
        "@peculiar/asn1-schema": "^2.8.0",
        "asn1js": "^3.0.10",
        "tslib": "^2.8.1"
      }
    },
    "node_modules/@peculiar/asn1-ecc": {
      "version": "2.8.0",
      "resolved": "https://registry.npmjs.org/@peculiar/asn1-ecc/-/asn1-ecc-2.8.0.tgz",
      "integrity": "sha512-ohwlk+u9Rv2NOAY1c6MfHj45ATVF8R1DUN/WCgABiRtLi2ZftlZWZX7KvpAbU8v9xPcmoILfELeEABj/rn18AQ==",
      "license": "MIT",
      "dependencies": {
        "@peculiar/asn1-schema": "^2.8.0",
        "@peculiar/asn1-x509": "^2.8.0",
        "asn1js": "^3.0.10",
        "tslib": "^2.8.1"
      }
    },
    "node_modules/@peculiar/asn1-rsa": {
      "version": "2.8.0",
      "resolved": "https://registry.npmjs.org/@peculiar/asn1-rsa/-/asn1-rsa-2.8.0.tgz",
      "integrity": "sha512-zHEUlCqB2mk7x2lxDwHHJy7hWZOPdGHVlsmITWKB5/PbQo61atbu9PJ/0r9dQNMwFzbKPXZ8uK8/91eUhRznSg==",
      "license": "MIT",
      "dependencies": {
        "@peculiar/asn1-schema": "^2.8.0",
        "@peculiar/asn1-x509": "^2.8.0",
        "asn1js": "^3.0.10",
        "tslib": "^2.8.1"
      }
    },
    "node_modules/@peculiar/asn1-schema": {
      "version": "2.8.0",
      "resolved": "https://registry.npmjs.org/@peculiar/asn1-schema/-/asn1-schema-2.8.0.tgz",
      "integrity": "sha512-7YT0U/ze0tF2QOBbE15gKZwy5tvgGyLRiRHLzhlbOpf7BT032oBSd0haZqXn5W6l26WLlu3dyxzjM+2638/z2Q==",
      "license": "MIT",
      "dependencies": {
        "@peculiar/utils": "^2.0.2",
        "asn1js": "^3.0.10",
        "tslib": "^2.8.1"
      }
    },
    "node_modules/@peculiar/asn1-x509": {
      "version": "2.8.0",
      "resolved": "https://registry.npmjs.org/@peculiar/asn1-x509/-/asn1-x509-2.8.0.tgz",
      "integrity": "sha512-N0CMuhWUzsWEVq6F1q9X6+VKUnWzSW+cSVg+aPaGGwDdbFoFWTYgin5MHwXgpWd6y9COMBxnfy/Qc+Xc7F0Zwg==",
      "license": "MIT",
      "dependencies": {
        "@peculiar/asn1-schema": "^2.8.0",
        "@peculiar/utils": "^2.0.2",
        "asn1js": "^3.0.10",
        "tslib": "^2.8.1"
      }
    },
    "node_modules/@peculiar/utils": {
      "version": "2.0.3",
      "resolved": "https://registry.npmjs.org/@peculiar/utils/-/utils-2.0.3.tgz",
      "integrity": "sha512-+oL3HPFRIZ1St2K50lWCXiioIgSoxzz7R1J3uF6neO2yl1sgmpgY6XXJH4BdpoDkMWznQTeYF6oWNDZLCdQ4eQ==",
      "license": "MIT",
      "dependencies": {
        "tslib": "^2.8.1"
      }
    },
    "node_modules/@simplewebauthn/iso-webcrypto": {
      "version": "7.4.0",
      "resolved": "https://registry.npmjs.org/@simplewebauthn/iso-webcrypto/-/iso-webcrypto-7.4.0.tgz",
      "integrity": "sha512-LSx8zghjH+z9IFOhBdDv2AyhqnzDUCYFxFiwJbToowOigCgf4Y8fyZle9Y+0NS232bIoU6j/lgv5iT32m3eGyA==",
      "deprecated": "Package no longer supported. Contact Support at https://www.npmjs.com/support for more info.",
      "license": "MIT",
      "dependencies": {
        "@simplewebauthn/typescript-types": "^7.4.0",
        "@types/node": "^18.11.9"
      }
    },
    "node_modules/@simplewebauthn/server": {
      "version": "7.4.0",
      "resolved": "https://registry.npmjs.org/@simplewebauthn/server/-/server-7.4.0.tgz",
      "integrity": "sha512-Y6jj2WsE3zBDagSdOg3b7+SMw7zHku0Od45Q1ZpA19Wd5aUbV2mH281SbdhFN4UuKcGQSeeAgUObAWHvgxNOVA==",
      "license": "MIT",
      "dependencies": {
        "@hexagon/base64": "^1.1.25",
        "@peculiar/asn1-android": "^2.3.3",
        "@peculiar/asn1-ecc": "^2.3.4",
        "@peculiar/asn1-rsa": "^2.3.4",
        "@peculiar/asn1-schema": "^2.3.3",
        "@peculiar/asn1-x509": "^2.3.4",
        "@simplewebauthn/iso-webcrypto": "^7.4.0",
        "@simplewebauthn/typescript-types": "^7.4.0",
        "@types/debug": "^4.1.7",
        "@types/node": "^18.11.9",
        "cbor-x": "^1.4.1",
        "cross-fetch": "^3.1.5",
        "debug": "^4.3.2"
      },
      "engines": {
        "node": ">=16.0.0"
      }
    },
    "node_modules/@simplewebauthn/typescript-types": {
      "version": "7.4.0",
      "resolved": "https://registry.npmjs.org/@simplewebauthn/typescript-types/-/typescript-types-7.4.0.tgz",
      "integrity": "sha512-8/ZjHeUPe210Bt5oyaOIGx4h8lHdsQs19BiOT44gi/jBEgK7uBGA0Fy7NRsyh777al3m6WM0mBf0UR7xd4R7WQ==",
      "deprecated": "This package has been renamed to @simplewebauthn/types. Please install @simplewebauthn/types instead to ensure you receive future updates.",
      "license": "MIT"
    },
    "node_modules/@supabase/auth-js": {
      "version": "2.110.8",
      "resolved": "https://registry.npmjs.org/@supabase/auth-js/-/auth-js-2.110.8.tgz",
      "integrity": "sha512-TQ5neTUDX2C2WmyYa03yGhLMkhdE/SkHXtK8/qxO/APUy3rsymsJCBP48p4jcN6iO2G0ow6RRexQd2mX+dSyJg==",
      "license": "MIT",
      "dependencies": {
        "tslib": "2.8.1"
      },
      "engines": {
        "node": ">=22.0.0"
      }
    },
    "node_modules/@supabase/functions-js": {
      "version": "2.110.8",
      "resolved": "https://registry.npmjs.org/@supabase/functions-js/-/functions-js-2.110.8.tgz",
      "integrity": "sha512-5yB9TLYzvv2oSQxwb0gamEvIAsuH66pVt7AM/pz03S7wN6ehD34GNgbShrccetqPedXQSz7e/1hAJ9NeEhoZVg==",
      "license": "MIT",
      "dependencies": {
        "tslib": "2.8.1"
      },
      "engines": {
        "node": ">=22.0.0"
      }
    },
    "node_modules/@supabase/phoenix": {
      "version": "0.4.5",
      "resolved": "https://registry.npmjs.org/@supabase/phoenix/-/phoenix-0.4.5.tgz",
      "integrity": "sha512-aAn9H9ovVyeApKy11OWOrrOGq8DV68yWeH4ud2lN9fzn4aO8Zb5GLL9m1pUg9nLqIcT+ZDfAcsZe0E/nqdv2lw==",
      "license": "MIT"
    },
    "node_modules/@supabase/postgrest-js": {
      "version": "2.110.8",
      "resolved": "https://registry.npmjs.org/@supabase/postgrest-js/-/postgrest-js-2.110.8.tgz",
      "integrity": "sha512-QeRROxl1PpOZw5Jzi7BwdN9icsycMrLlCCvsjS0hYLW+nZoaT46zdagz/glJirj8jHF4jSd5Jyipuae2cBClCw==",
      "license": "MIT",
      "dependencies": {
        "tslib": "2.8.1"
      },
      "engines": {
        "node": ">=22.0.0"
      }
    },
    "node_modules/@supabase/realtime-js": {
      "version": "2.110.8",
      "resolved": "https://registry.npmjs.org/@supabase/realtime-js/-/realtime-js-2.110.8.tgz",
      "integrity": "sha512-mwX7ituX6O31fLf+0g65rpLlNxqgnMaPltPsQwzox6jfmbfVl3tCxXrfr3HEsQcCRjpjuJG1+A0vFzP1yVjKHA==",
      "license": "MIT",
      "dependencies": {
        "@supabase/phoenix": "0.4.5",
        "tslib": "2.8.1"
      },
      "engines": {
        "node": ">=22.0.0"
      }
    },
    "node_modules/@supabase/storage-js": {
      "version": "2.110.8",
      "resolved": "https://registry.npmjs.org/@supabase/storage-js/-/storage-js-2.110.8.tgz",
      "integrity": "sha512-CcfhkZFBLxsthgUabZKxwfsoXdrikIGsL3LsGoV3FZTqCMx/s1y49taT4jT/oya5+1IuB0sFFHw6pF0o0iJniQ==",
      "license": "MIT",
      "dependencies": {
        "iceberg-js": "^0.8.1",
        "tslib": "2.8.1"
      },
      "engines": {
        "node": ">=22.0.0"
      }
    },
    "node_modules/@supabase/supabase-js": {
      "version": "2.110.8",
      "resolved": "https://registry.npmjs.org/@supabase/supabase-js/-/supabase-js-2.110.8.tgz",
      "integrity": "sha512-E5qzoe74zhJRv4wRcbO9eMYzeQDb/+h6c603pL8shcxLGBjTKsIF7XXj05IcNj23TLDgJN1WkMw7mwAPyu5dZg==",
      "license": "MIT",
      "dependencies": {
        "@supabase/auth-js": "2.110.8",
        "@supabase/functions-js": "2.110.8",
        "@supabase/postgrest-js": "2.110.8",
        "@supabase/realtime-js": "2.110.8",
        "@supabase/storage-js": "2.110.8"
      },
      "engines": {
        "node": ">=22.0.0"
      }
    },
    "node_modules/@types/debug": {
      "version": "4.1.13",
      "resolved": "https://registry.npmjs.org/@types/debug/-/debug-4.1.13.tgz",
      "integrity": "sha512-KSVgmQmzMwPlmtljOomayoR89W4FynCAi3E8PPs7vmDVPe84hT+vGPKkJfThkmXs0x0jAaa9U8uW8bbfyS2fWw==",
      "license": "MIT",
      "dependencies": {
        "@types/ms": "*"
      }
    },
    "node_modules/@types/ms": {
      "version": "2.1.0",
      "resolved": "https://registry.npmjs.org/@types/ms/-/ms-2.1.0.tgz",
      "integrity": "sha512-GsCCIZDE/p3i96vtEqx+7dBUGXrc7zeSK3wwPHIaRThS+9OhWIXRqzs4d6k1SVU8g91DrNRWxWUGhp5KXQb2VA==",
      "license": "MIT"
    },
    "node_modules/@types/node": {
      "version": "18.19.130",
      "resolved": "https://registry.npmjs.org/@types/node/-/node-18.19.130.tgz",
      "integrity": "sha512-GRaXQx6jGfL8sKfaIDD6OupbIHBr9jv7Jnaml9tB7l4v068PAOXqfcujMMo5PhbIs6ggR1XODELqahT2R8v0fg==",
      "license": "MIT",
      "dependencies": {
        "undici-types": "~5.26.4"
      }
    },
    "node_modules/asn1js": {
      "version": "3.0.10",
      "resolved": "https://registry.npmjs.org/asn1js/-/asn1js-3.0.10.tgz",
      "integrity": "sha512-S2s3aOytiKdFRdulw2qPE51MzjzVOisppcVv7jVFR+Kw0kxwvFrDcYA0h7Ndqbmj0HkMIXYWaoj7fli8kgx1eg==",
      "license": "BSD-3-Clause",
      "dependencies": {
        "pvtsutils": "^1.3.6",
        "pvutils": "^1.1.5",
        "tslib": "^2.8.1"
      },
      "engines": {
        "node": ">=12.0.0"
      }
    },
    "node_modules/cbor-extract": {
      "version": "2.2.2",
      "resolved": "https://registry.npmjs.org/cbor-extract/-/cbor-extract-2.2.2.tgz",
      "integrity": "sha512-hlSxxI9XO2yQfe9g6msd3g4xCfDqK5T5P0fRMLuaLHhxn4ViPrm+a+MUfhrvH2W962RGxcBwEGzLQyjbDG1gng==",
      "hasInstallScript": true,
      "license": "MIT",
      "optional": true,
      "dependencies": {
        "node-gyp-build-optional-packages": "5.1.1"
      },
      "bin": {
        "download-cbor-prebuilds": "bin/download-prebuilds.js"
      },
      "optionalDependencies": {
        "@cbor-extract/cbor-extract-darwin-arm64": "2.2.2",
        "@cbor-extract/cbor-extract-darwin-x64": "2.2.2",
        "@cbor-extract/cbor-extract-linux-arm": "2.2.2",
        "@cbor-extract/cbor-extract-linux-arm64": "2.2.2",
        "@cbor-extract/cbor-extract-linux-x64": "2.2.2",
        "@cbor-extract/cbor-extract-win32-x64": "2.2.2"
      }
    },
    "node_modules/cbor-x": {
      "version": "1.6.4",
      "resolved": "https://registry.npmjs.org/cbor-x/-/cbor-x-1.6.4.tgz",
      "integrity": "sha512-UGKHjp6RHC6QuZ2yy5LCKm7MojM4716DwoSaqwQpaH4DvZvbBTGcoDNTiG9Y2lByXZYFEs9WRkS5tLl96IrF1Q==",
      "license": "MIT",
      "optionalDependencies": {
        "cbor-extract": "^2.2.2"
      }
    },
    "node_modules/cloudinary": {
      "version": "2.9.0",
      "resolved": "https://registry.npmjs.org/cloudinary/-/cloudinary-2.9.0.tgz",
      "integrity": "sha512-F3iKMOy4y0zy0bi5JBp94SC7HY7i/ImfTPSUV07iJmRzH1Iz8WavFfOlJTR1zvYM/xKGoiGZ3my/zy64In0IQQ==",
      "license": "MIT",
      "dependencies": {
        "lodash": "^4.17.21"
      },
      "engines": {
        "node": ">=9"
      }
    },
    "node_modules/cross-fetch": {
      "version": "3.2.0",
      "resolved": "https://registry.npmjs.org/cross-fetch/-/cross-fetch-3.2.0.tgz",
      "integrity": "sha512-Q+xVJLoGOeIMXZmbUK4HYk+69cQH6LudR0Vu/pRm2YlU/hDV9CiS0gKUMaWY5f2NeUH9C1nV3bsTlCo0FsTV1Q==",
      "license": "MIT",
      "dependencies": {
        "node-fetch": "^2.7.0"
      }
    },
    "node_modules/debug": {
      "version": "4.4.3",
      "resolved": "https://registry.npmjs.org/debug/-/debug-4.4.3.tgz",
      "integrity": "sha512-RGwwWnwQvkVfavKVt22FGLw+xYSdzARwm0ru6DhTVA3umU5hZc28V3kO4stgYryrTlLpuvgI9GiijltAjNbcqA==",
      "license": "MIT",
      "dependencies": {
        "ms": "^2.1.3"
      },
      "engines": {
        "node": ">=6.0"
      },
      "peerDependenciesMeta": {
        "supports-color": {
          "optional": true
        }
      }
    },
    "node_modules/detect-libc": {
      "version": "2.1.2",
      "resolved": "https://registry.npmjs.org/detect-libc/-/detect-libc-2.1.2.tgz",
      "integrity": "sha512-Btj2BOOO83o3WyH59e8MgXsxEQVcarkUOpEYrubB0urwnN10yQ364rsiByU11nZlqWYZm05i/of7io4mzihBtQ==",
      "license": "Apache-2.0",
      "optional": true,
      "engines": {
        "node": ">=8"
      }
    },
    "node_modules/dotenv": {
      "version": "17.3.1",
      "resolved": "https://registry.npmjs.org/dotenv/-/dotenv-17.3.1.tgz",
      "integrity": "sha512-IO8C/dzEb6O3F9/twg6ZLXz164a2fhTnEWb95H23Dm4OuN+92NmEAlTrupP9VW6Jm3sO26tQlqyvyi4CsnY9GA==",
      "license": "BSD-2-Clause",
      "engines": {
        "node": ">=12"
      },
      "funding": {
        "url": "https://dotenvx.com"
      }
    },
    "node_modules/iceberg-js": {
      "version": "0.8.1",
      "resolved": "https://registry.npmjs.org/iceberg-js/-/iceberg-js-0.8.1.tgz",
      "integrity": "sha512-1dhVQZXhcHje7798IVM+xoo/1ZdVfzOMIc8/rgVSijRK38EDqOJoGula9N/8ZI5RD8QTxNQtK/Gozpr+qUqRRA==",
      "license": "MIT",
      "engines": {
        "node": ">=20.0.0"
      }
    },
    "node_modules/lodash": {
      "version": "4.17.23",
      "resolved": "https://registry.npmjs.org/lodash/-/lodash-4.17.23.tgz",
      "integrity": "sha512-LgVTMpQtIopCi79SJeDiP0TfWi5CNEc/L/aRdTh3yIvmZXTnheWpKjSZhnvMl8iXbC1tFg9gdHHDMLoV7CnG+w==",
      "license": "MIT"
    },
    "node_modules/ms": {
      "version": "2.1.3",
      "resolved": "https://registry.npmjs.org/ms/-/ms-2.1.3.tgz",
      "integrity": "sha512-6FlzubTLZG3J2a/NVCAleEhjzq5oxgHyaCU9yYXvcLsvoVaHJq/s5xXI6/XXP6tz7R9xAOtHnSO/tXtF3WRTlA==",
      "license": "MIT"
    },
    "node_modules/node-fetch": {
      "version": "2.7.0",
      "resolved": "https://registry.npmjs.org/node-fetch/-/node-fetch-2.7.0.tgz",
      "integrity": "sha512-c4FRfUm/dbcWZ7U+1Wq0AwCyFL+3nt2bEw05wfxSz+DWpWsitgmSgYmy2dQdWyKC1694ELPqMs/YzUSNozLt8A==",
      "license": "MIT",
      "dependencies": {
        "whatwg-url": "^5.0.0"
      },
      "engines": {
        "node": "4.x || >=6.0.0"
      },
      "peerDependencies": {
        "encoding": "^0.1.0"
      },
      "peerDependenciesMeta": {
        "encoding": {
          "optional": true
        }
      }
    },
    "node_modules/node-gyp-build-optional-packages": {
      "version": "5.1.1",
      "resolved": "https://registry.npmjs.org/node-gyp-build-optional-packages/-/node-gyp-build-optional-packages-5.1.1.tgz",
      "integrity": "sha512-+P72GAjVAbTxjjwUmwjVrqrdZROD4nf8KgpBoDxqXXTiYZZt/ud60dE5yvCSr9lRO8e8yv6kgJIC0K0PfZFVQw==",
      "license": "MIT",
      "optional": true,
      "dependencies": {
        "detect-libc": "^2.0.1"
      },
      "bin": {
        "node-gyp-build-optional-packages": "bin.js",
        "node-gyp-build-optional-packages-optional": "optional.js",
        "node-gyp-build-optional-packages-test": "build-test.js"
      }
    },
    "node_modules/pvtsutils": {
      "version": "1.3.6",
      "resolved": "https://registry.npmjs.org/pvtsutils/-/pvtsutils-1.3.6.tgz",
      "integrity": "sha512-PLgQXQ6H2FWCaeRak8vvk1GW462lMxB5s3Jm673N82zI4vqtVUPuZdffdZbPDFRoU8kAhItWFtPCWiPpp4/EDg==",
      "license": "MIT",
      "dependencies": {
        "tslib": "^2.8.1"
      }
    },
    "node_modules/pvutils": {
      "version": "1.1.5",
      "resolved": "https://registry.npmjs.org/pvutils/-/pvutils-1.1.5.tgz",
      "integrity": "sha512-KTqnxsgGiQ6ZAzZCVlJH5eOjSnvlyEgx1m8bkRJfOhmGRqfo5KLvmAlACQkrjEtOQ4B7wF9TdSLIs9O90MX9xA==",
      "license": "MIT",
      "engines": {
        "node": ">=16.0.0"
      }
    },
    "node_modules/tr46": {
      "version": "0.0.3",
      "resolved": "https://registry.npmjs.org/tr46/-/tr46-0.0.3.tgz",
      "integrity": "sha512-N3WMsuqV66lT30CrXNbEjx4GEwlow3v6rr4mCcv6prnfwhS01rkgyFdjPNBYd9br7LpXV1+Emh01fHnq2Gdgrw==",
      "license": "MIT"
    },
    "node_modules/tslib": {
      "version": "2.8.1",
      "resolved": "https://registry.npmjs.org/tslib/-/tslib-2.8.1.tgz",
      "integrity": "sha512-oJFu94HQb+KVduSUQL7wnpmqnfmLsOA/nAh6b6EH0wCEoK0/mPeXU6c3wKDV83MkOuHPRHtSXKKU99IBazS/2w==",
      "license": "0BSD"
    },
    "node_modules/undici-types": {
      "version": "5.26.5",
      "resolved": "https://registry.npmjs.org/undici-types/-/undici-types-5.26.5.tgz",
      "integrity": "sha512-JlCMO+ehdEIKqlFxk6IfVoAUVmgz7cU7zD/h9XZ0qzeosSHmUJVOzSQvvYSYWXkFXC+IfLKSIffhv0sVZup6pA==",
      "license": "MIT"
    },
    "node_modules/webidl-conversions": {
      "version": "3.0.1",
      "resolved": "https://registry.npmjs.org/webidl-conversions/-/webidl-conversions-3.0.1.tgz",
      "integrity": "sha512-2JAn3z8AR6rjK8Sm8orRC0h/bcl/DqL7tRPdGZ4I1CjdF+EaMLmYxBHyXuKL849eucPFhvBoxMsflfOb8kxaeQ==",
      "license": "BSD-2-Clause"
    },
    "node_modules/whatwg-url": {
      "version": "5.0.0",
      "resolved": "https://registry.npmjs.org/whatwg-url/-/whatwg-url-5.0.0.tgz",
      "integrity": "sha512-saE57nupxk6v3HY35+jzBwYa0rKSy0XR8JSxZPwgLr7ys0IBzhGviA1/TUGJLmSVqs8pb9AnvICXEuOHLprYTw==",
      "license": "MIT",
      "dependencies": {
        "tr46": "~0.0.3",
        "webidl-conversions": "^3.0.0"
      }
    }
  }
}
